Microsoft Visual Studio Solution File, Format Version 12.00
Project("{FAE04EC0-301F-11D3-BF4B-00C04F79EFBC}") = "ComicsApp", "src\ComicsApp\ComicsApp.csproj", "{EB302A1F-4F4C-42B2-91BD-63955DEDFA12}"
EndProject
Project("{FAE04EC0-301F-11D3-BF4B-00C04F79EFBC}") = "ComicsProvider", "src\ComicsProvider\ComicsProvider.csproj", "{238D95F7-EFBC-46E1-A72C-C0550DE6A649}"
EndProject
Global
	GlobalSection(SolutionConfigurationPlatforms) = preSolution
		Debug|Any CPU = Debug|Any CPU
		Release|Any CPU = Release|Any CPU
	EndGlobalSection
	GlobalSection(ProjectConfigurationPlatforms) = postSolution
		{EB302A1F-4F4C-42B2-91BD-63955DEDFA12}.Debug|Any CPU.ActiveCfg = Debug|Any CPU
		{EB302A1F-4F4C-42B2-91BD-63955DEDFA12}.Debug|Any CPU.Build.0 = Debug|Any CPU
		{EB302A1F-4F4C-42B2-91BD-63955DEDFA12}.Release|Any CPU.ActiveCfg = Release|Any CPU
		{EB302A1F-4F4C-42B2-91BD-63955DEDFA12}.Release|Any CPU.Build.0 = Release|Any CPU
		{238D95F7-EFBC-46E1-A72C-C0550DE6A649}.Debug|Any CPU.ActiveCfg = Debug|Any CPU
		{238D95F7-EFBC-46E1-A72C-C0550DE6A649}.Debug|Any CPU.Build.0 = Debug|Any CPU
		{238D95F7-EFBC-46E1-A72C-C0550DE6A649}.Release|Any CPU.ActiveCfg = Release|Any CPU
		{238D95F7-EFBC-46E1-A72C-C0550DE6A649}.Release|Any CPU.Build.0 = Release|Any CPU
	EndGlobalSection
EndGlobal