
Microsoft Visual Studio Solution File, Format Version 12.00
# Visual Studio Version 16
VisualStudioVersion = 16.0.30011.22
MinimumVisualStudioVersion = 10.0.40219.1
Project("{FAE04EC0-301F-11D3-BF4B-00C04F79EFBC}") = "ComicsApp.Server", "src\Server\ComicsApp.Server.csproj", "{A8A653AD-F2E1-4386-9E0B-21721FA50E49}"
EndProject
Project("{FAE04EC0-301F-11D3-BF4B-00C04F79EFBC}") = "ComicsApp.Client", "src\Client\ComicsApp.Client.csproj", "{9716EF6D-95AE-43F8-A023-F46E13EE2C23}"
EndProject
Project("{FAE04EC0-301F-11D3-BF4B-00C04F79EFBC}") = "ComicsApp.Shared", "src\Shared\ComicsApp.Shared.csproj", "{C828BAFA-8889-405B-B827-7802DEDADCC5}"
EndProject
Global
	GlobalSection(SolutionConfigurationPlatforms) = preSolution
		Debug|Any CPU = Debug|Any CPU
		Release|Any CPU = Release|Any CPU
	EndGlobalSection
	GlobalSection(ProjectConfigurationPlatforms) = postSolution
		{A8A653AD-F2E1-4386-9E0B-21721FA50E49}.Debug|Any CPU.ActiveCfg = Debug|Any CPU
		{A8A653AD-F2E1-4386-9E0B-21721FA50E49}.Debug|Any CPU.Build.0 = Debug|Any CPU
		{A8A653AD-F2E1-4386-9E0B-21721FA50E49}.Release|Any CPU.ActiveCfg = Release|Any CPU
		{A8A653AD-F2E1-4386-9E0B-21721FA50E49}.Release|Any CPU.Build.0 = Release|Any CPU
		{9716EF6D-95AE-43F8-A023-F46E13EE2C23}.Debug|Any CPU.ActiveCfg = Debug|Any CPU
		{9716EF6D-95AE-43F8-A023-F46E13EE2C23}.Debug|Any CPU.Build.0 = Debug|Any CPU
		{9716EF6D-95AE-43F8-A023-F46E13EE2C23}.Release|Any CPU.ActiveCfg = Release|Any CPU
		{9716EF6D-95AE-43F8-A023-F46E13EE2C23}.Release|Any CPU.Build.0 = Release|Any CPU
		{C828BAFA-8889-405B-B827-7802DEDADCC5}.Debug|Any CPU.ActiveCfg = Debug|Any CPU
		{C828BAFA-8889-405B-B827-7802DEDADCC5}.Debug|Any CPU.Build.0 = Debug|Any CPU
		{C828BAFA-8889-405B-B827-7802DEDADCC5}.Release|Any CPU.ActiveCfg = Release|Any CPU
		{C828BAFA-8889-405B-B827-7802DEDADCC5}.Release|Any CPU.Build.0 = Release|Any CPU
	EndGlobalSection
	GlobalSection(SolutionProperties) = preSolution
		HideSolutionNode = FALSE
	EndGlobalSection
	GlobalSection(ExtensibilityGlobals) = postSolution
		SolutionGuid = {C04E07B0-D059-4D63-905A-33B3A26D915C}
	EndGlobalSection
EndGlobal
